// !$*UTF8*$!
{
	archiveVersion = 1;
	classes = {
	};
	objectVersion = 46;
	objects = {

/* Begin PBXBuildFile section */
		3FE80B401967A7BB00947774 /* Foundation.framework in Frameworks */ = {isa = PBXBuildFile; fileRef = 3FE80B3F1967A7BB00947774 /* Foundation.framework */; };
		3FE80B421967A7BB00947774 /* CoreGraphics.framework in Frameworks */ = {isa = PBXBuildFile; fileRef = 3FE80B411967A7BB00947774 /* CoreGraphics.framework */; };
		3FE80B441967A7BB00947774 /* UIKit.framework in Frameworks */ = {isa = PBXBuildFile; fileRef = 3FE80B431967A7BB00947774 /* UIKit.framework */; };
		3FE80B4A1967A7BB00947774 /* InfoPlist.strings in Resources */ = {isa = PBXBuildFile; fileRef = 3FE80B481967A7BB00947774 /* InfoPlist.strings */; };
		3FE80B4C1967A7BB00947774 /* main.m in Sources */ = {isa = PBXBuildFile; fileRef = 3FE80B4B1967A7BB00947774 /* main.m */; };
		3FE80B501967A7BB00947774 /* AppDelegate.m in Sources */ = {isa = PBXBuildFile; fileRef = 3FE80B4F1967A7BB00947774 /* AppDelegate.m */; };
		3FE80B5B1967A7BB00947774 /* Images.xcassets in Resources */ = {isa = PBXBuildFile; fileRef = 3FE80B5A1967A7BB00947774 /* Images.xcassets */; };
		3FE80B621967A7BB00947774 /* XCTest.framework in Frameworks */ = {isa = PBXBuildFile; fileRef = 3FE80B611967A7BB00947774 /* XCTest.framework */; };
		3FE80B631967A7BB00947774 /* Foundation.framework in Frameworks */ = {isa = PBXBuildFile; fileRef = 3FE80B3F1967A7BB00947774 /* Foundation.framework */; };
		3FE80B641967A7BB00947774 /* UIKit.framework in Frameworks */ = {isa = PBXBuildFile; fileRef = 3FE80B431967A7BB00947774 /* UIKit.framework */; };
		3FE80B6C1967A7BB00947774 /* InfoPlist.strings in Resources */ = {isa = PBXBuildFile; fileRef = 3FE80B6A1967A7BB00947774 /* InfoPlist.strings */; };
		3FE80B6E1967A7BB00947774 /* CoinTelegraphTests.m in Sources */ = {isa = PBXBuildFile; fileRef = 3FE80B6D1967A7BB00947774 /* CoinTelegraphTests.m */; };
		3FE80B9D1967AA5900947774 /* AFHTTPRequestOperation.m in Sources */ = {isa = PBXBuildFile; fileRef = 3FE80B791967AA5900947774 /* AFHTTPRequestOperation.m */; };
		3FE80B9E1967AA5900947774 /* AFHTTPRequestOperationManager.m in Sources */ = {isa = PBXBuildFile; fileRef = 3FE80B7B1967AA5900947774 /* AFHTTPRequestOperationManager.m */; };
		3FE80B9F1967AA5900947774 /* AFHTTPSessionManager.m in Sources */ = {isa = PBXBuildFile; fileRef = 3FE80B7D1967AA5900947774 /* AFHTTPSessionManager.m */; };
		3FE80BA01967AA5900947774 /* AFNetworkReachabilityManager.m in Sources */ = {isa = PBXBuildFile; fileRef = 3FE80B801967AA5900947774 /* AFNetworkReachabilityManager.m */; };
		3FE80BA11967AA5900947774 /* AFSecurityPolicy.m in Sources */ = {isa = PBXBuildFile; fileRef = 3FE80B821967AA5900947774 /* AFSecurityPolicy.m */; };
		3FE80BA21967AA5900947774 /* AFURLConnectionOperation.m in Sources */ = {isa = PBXBuildFile; fileRef = 3FE80B841967AA5900947774 /* AFURLConnectionOperation.m */; };
		3FE80BA31967AA5900947774 /* AFURLRequestSerialization.m in Sources */ = {isa = PBXBuildFile; fileRef = 3FE80B861967AA5900947774 /* AFURLRequestSerialization.m */; };
		3FE80BA41967AA5900947774 /* AFURLResponseSerialization.m in Sources */ = {isa = PBXBuildFile; fileRef = 3FE80B881967AA5900947774 /* AFURLResponseSerialization.m */; };
		3FE80BA51967AA5900947774 /* AFURLSessionManager.m in Sources */ = {isa = PBXBuildFile; fileRef = 3FE80B8A1967AA5900947774 /* AFURLSessionManager.m */; };
		3FE80BA61967AA5900947774 /* AFNetworkActivityIndicatorManager.m in Sources */ = {isa = PBXBuildFile; fileRef = 3FE80B8D1967AA5900947774 /* AFNetworkActivityIndicatorManager.m */; };
		3FE80BA71967AA5900947774 /* UIActivityIndicatorView+AFNetworking.m in Sources */ = {isa = PBXBuildFile; fileRef = 3FE80B8F1967AA5900947774 /* UIActivityIndicatorView+AFNetworking.m */; };
		3FE80BA81967AA5900947774 /* UIAlertView+AFNetworking.m in Sources */ = {isa = PBXBuildFile; fileRef = 3FE80B911967AA5900947774 /* UIAlertView+AFNetworking.m */; };
		3FE80BA91967AA5900947774 /* UIButton+AFNetworking.m in Sources */ = {isa = PBXBuildFile; fileRef = 3FE80B931967AA5900947774 /* UIButton+AFNetworking.m */; };
		3FE80BAA1967AA5900947774 /* UIImageView+AFNetworking.m in Sources */ = {isa = PBXBuildFile; fileRef = 3FE80B951967AA5900947774 /* UIImageView+AFNetworking.m */; };
		3FE80BAB1967AA5900947774 /* UIProgressView+AFNetworking.m in Sources */ = {isa = PBXBuildFile; fileRef = 3FE80B981967AA5900947774 /* UIProgressView+AFNetworking.m */; };
		3FE80BAC1967AA5900947774 /* UIRefreshControl+AFNetworking.m in Sources */ = {isa = PBXBuildFile; fileRef = 3FE80B9A1967AA5900947774 /* UIRefreshControl+AFNetworking.m */; };
		3FE80BAD1967AA5900947774 /* UIWebView+AFNetworking.m in Sources */ = {isa = PBXBuildFile; fileRef = 3FE80B9C1967AA5900947774 /* UIWebView+AFNetworking.m */; };
		3FE80BB21967AE2100947774 /* CoinTelegraphDotComModel.m in Sources */ = {isa = PBXBuildFile; fileRef = 3FE80BB11967AE2100947774 /* CoinTelegraphDotComModel.m */; };
		3FE80BB61967AF6500947774 /* RssFeedVC.m in Sources */ = {isa = PBXBuildFile; fileRef = 3FE80BB51967AF6500947774 /* RssFeedVC.m */; };
		3FE80BB91967B09A00947774 /* RssFeedModel.m in Sources */ = {isa = PBXBuildFile; fileRef = 3FE80BB81967B09A00947774 /* RssFeedModel.m */; };
		3FE80BBF1967B37100947774 /* Main_iPad.storyboard in Resources */ = {isa = PBXBuildFile; fileRef = 3FE80BBB1967B37100947774 /* Main_iPad.storyboard */; };
		3FE80BC01967B37100947774 /* Main_iPhone.storyboard in Resources */ = {isa = PBXBuildFile; fileRef = 3FE80BBD1967B37100947774 /* Main_iPhone.storyboard */; };
/* End PBXBuildFile section */

/* Begin PBXContainerItemProxy section */
		3FE80B651967A7BB00947774 /* PBXContainerItemProxy */ = {
			isa = PBXContainerItemProxy;
			containerPortal = 3FE80B341967A7BB00947774 /* Project object */;
			proxyType = 1;
			remoteGlobalIDString = 3FE80B3B1967A7BB00947774;
			remoteInfo = CoinTelegraph;
		};
/* End PBXContainerItemProxy section */

/* Begin PBXFileReference section */
		3FE80B3C1967A7BB00947774 /* CoinTelegraph.app */ = {isa = PBXFileReference; explicitFileType = wrapper.application; includeInIndex = 0; path = CoinTelegraph.app; sourceTree = BUILT_PRODUCTS_DIR; };
		3FE80B3F1967A7BB00947774 /* Foundation.framework */ = {isa = PBXFileReference; lastKnownFileType = wrapper.framework; name = Foundation.framework; path = System/Library/Frameworks/Foundation.framework; sourceTree = SDKROOT; };
		3FE80B411967A7BB00947774 /* CoreGraphics.framework */ = {isa = PBXFileReference; lastKnownFileType = wrapper.framework; name = CoreGraphics.framework; path = System/Library/Frameworks/CoreGraphics.framework; sourceTree = SDKROOT; };
		3FE80B431967A7BB00947774 /* UIKit.framework */ = {isa = PBXFileReference; lastKnownFileType = wrapper.framework; name = UIKit.framework; path = System/Library/Frameworks/UIKit.framework; sourceTree = SDKROOT; };
		3FE80B471967A7BB00947774 /* CoinTelegraph-Info.plist */ = {isa = PBXFileReference; lastKnownFileType = text.plist.xml; path = "CoinTelegraph-Info.plist"; sourceTree = "<group>"; };
		3FE80B491967A7BB00947774 /* en */ = {isa = PBXFileReference; lastKnownFileType = text.plist.strings; name = en; path = en.lproj/InfoPlist.strings; sourceTree = "<group>"; };
		3FE80B4B1967A7BB00947774 /* main.m */ = {isa = PBXFileReference; lastKnownFileType = sourcecode.c.objc; path = main.m; sourceTree = "<group>"; };
		3FE80B4D1967A7BB00947774 /* CoinTelegraph-Prefix.pch */ = {isa = PBXFileReference; lastKnownFileType = sourcecode.c.h; path = "CoinTelegraph-Prefix.pch"; sourceTree = "<group>"; };
		3FE80B4E1967A7BB00947774 /* AppDelegate.h */ = {isa = PBXFileReference; lastKnownFileType = sourcecode.c.h; path = AppDelegate.h; sourceTree = "<group>"; };
		3FE80B4F1967A7BB00947774 /* AppDelegate.m */ = {isa = PBXFileReference; lastKnownFileType = sourcecode.c.objc; path = AppDelegate.m; sourceTree = "<group>"; };
		3FE80B5A1967A7BB00947774 /* Images.xcassets */ = {isa = PBXFileReference; lastKnownFileType = folder.assetcatalog; path = Images.xcassets; sourceTree = "<group>"; };
		3FE80B601967A7BB00947774 /* CoinTelegraphTests.xctest */ = {isa = PBXFileReference; explicitFileType = wrapper.cfbundle; includeInIndex = 0; path = CoinTelegraphTests.xctest; sourceTree = BUILT_PRODUCTS_DIR; };
		3FE80B611967A7BB00947774 /* XCTest.framework */ = {isa = PBXFileReference; lastKnownFileType = wrapper.framework; name = XCTest.framework; path = Library/Frameworks/XCTest.framework; sourceTree = DEVELOPER_DIR; };
		3FE80B691967A7BB00947774 /* CoinTelegraphTests-Info.plist */ = {isa = PBXFileReference; lastKnownFileType = text.plist.xml; path = "CoinTelegraphTests-Info.plist"; sourceTree = "<group>"; };
		3FE80B6B1967A7BB00947774 /* en */ = {isa = PBXFileReference; lastKnownFileType = text.plist.strings; name = en; path = en.lproj/InfoPlist.strings; sourceTree = "<group>"; };
		3FE80B6D1967A7BB00947774 /* CoinTelegraphTests.m */ = {isa = PBXFileReference; lastKnownFileType = sourcecode.c.objc; path = CoinTelegraphTests.m; sourceTree = "<group>"; };
		3FE80B781967AA5900947774 /* AFHTTPRequestOperation.h */ = {isa = PBXFileReference; fileEncoding = 4; lastKnownFileType = sourcecode.c.h; path = AFHTTPRequestOperation.h; sourceTree = "<group>"; };
		3FE80B791967AA5900947774 /* AFHTTPRequestOperation.m */ = {isa = PBXFileReference; fileEncoding = 4; lastKnownFileType = sourcecode.c.objc; path = AFHTTPRequestOperation.m; sourceTree = "<group>"; };
		3FE80B7A1967AA5900947774 /* AFHTTPRequestOperationManager.h */ = {isa = PBXFileReference; fileEncoding = 4; lastKnownFileType = sourcecode.c.h; path = AFHTTPRequestOperationManager.h; sourceTree = "<group>"; };
		3FE80B7B1967AA5900947774 /* AFHTTPRequestOperationManager.m */ = {isa = PBXFileReference; fileEncoding = 4; lastKnownFileType = sourcecode.c.objc; path = AFHTTPRequestOperationManager.m; sourceTree = "<group>"; };
		3FE80B7C1967AA5900947774 /* AFHTTPSessionManager.h */ = {isa = PBXFileReference; fileEncoding = 4; lastKnownFileType = sourcecode.c.h; path = AFHTTPSessionManager.h; sourceTree = "<group>"; };
		3FE80B7D1967AA5900947774 /* AFHTTPSessionManager.m */ = {isa = PBXFileReference; fileEncoding = 4; lastKnownFileType = sourcecode.c.objc; path = AFHTTPSessionManager.m; sourceTree = "<group>"; };
		3FE80B7E1967AA5900947774 /* AFNetworking.h */ = {isa = PBXFileReference; fileEncoding = 4; lastKnownFileType = sourcecode.c.h; path = AFNetworking.h; sourceTree = "<group>"; };
		3FE80B7F1967AA5900947774 /* AFNetworkReachabilityManager.h */ = {isa = PBXFileReference; fileEncoding = 4; lastKnownFileType = sourcecode.c.h; path = AFNetworkReachabilityManager.h; sourceTree = "<group>"; };
		3FE80B801967AA5900947774 /* AFNetworkReachabilityManager.m */ = {isa = PBXFileReference; fileEncoding = 4; lastKnownFileType = sourcecode.c.objc; path = AFNetworkReachabilityManager.m; sourceTree = "<group>"; };
		3FE80B811967AA5900947774 /* AFSecurityPolicy.h */ = {isa = PBXFileReference; fileEncoding = 4; lastKnownFileType = sourcecode.c.h; path = AFSecurityPolicy.h; sourceTree = "<group>"; };
		3FE80B821967AA5900947774 /* AFSecurityPolicy.m */ = {isa = PBXFileReference; fileEncoding = 4; lastKnownFileType = sourcecode.c.objc; path = AFSecurityPolicy.m; sourceTree = "<group>"; };
		3FE80B831967AA5900947774 /* AFURLConnectionOperation.h */ = {isa = PBXFileReference; fileEncoding = 4; lastKnownFileType = sourcecode.c.h; path = AFURLConnectionOperation.h; sourceTree = "<group>"; };
		3FE80B841967AA5900947774 /* AFURLConnectionOperation.m */ = {isa = PBXFileReference; fileEncoding = 4; lastKnownFileType = sourcecode.c.objc; path = AFURLConnectionOperation.m; sourceTree = "<group>"; };
		3FE80B851967AA5900947774 /* AFURLRequestSerialization.h */ = {isa = PBXFileReference; fileEncoding = 4; lastKnownFileType = sourcecode.c.h; path = AFURLRequestSerialization.h; sourceTree = "<group>"; };
		3FE80B861967AA5900947774 /* AFURLRequestSerialization.m */ = {isa = PBXFileReference; fileEncoding = 4; lastKnownFileType = sourcecode.c.objc; path = AFURLRequestSerialization.m; sourceTree = "<group>"; };
		3FE80B871967AA5900947774 /* AFURLResponseSerialization.h */ = {isa = PBXFileReference; fileEncoding = 4; lastKnownFileType = sourcecode.c.h; path = AFURLResponseSerialization.h; sourceTree = "<group>"; };
		3FE80B881967AA5900947774 /* AFURLResponseSerialization.m */ = {isa = PBXFileReference; fileEncoding = 4; lastKnownFileType = sourcecode.c.objc; path = AFURLResponseSerialization.m; sourceTree = "<group>"; };
		3FE80B891967AA5900947774 /* AFURLSessionManager.h */ = {isa = PBXFileReference; fileEncoding = 4; lastKnownFileType = sourcecode.c.h; path = AFURLSessionManager.h; sourceTree = "<group>"; };
		3FE80B8A1967AA5900947774 /* AFURLSessionManager.m */ = {isa = PBXFileReference; fileEncoding = 4; lastKnownFileType = sourcecode.c.objc; path = AFURLSessionManager.m; sourceTree = "<group>"; };
		3FE80B8C1967AA5900947774 /* AFNetworkActivityIndicatorManager.h */ = {isa = PBXFileReference; fileEncoding = 4; lastKnownFileType = sourcecode.c.h; path = AFNetworkActivityIndicatorManager.h; sourceTree = "<group>"; };
		3FE80B8D1967AA5900947774 /* AFNetworkActivityIndicatorManager.m */ = {isa = PBXFileReference; fileEncoding = 4; lastKnownFileType = sourcecode.c.objc; path = AFNetworkActivityIndicatorManager.m; sourceTree = "<group>"; };
		3FE80B8E1967AA5900947774 /* UIActivityIndicatorView+AFNetworking.h */ = {isa = PBXFileReference; fileEncoding = 4; lastKnownFileType = sourcecode.c.h; path = "UIActivityIndicatorView+AFNetworking.h"; sourceTree = "<group>"; };
		3FE80B8F1967AA5900947774 /* UIActivityIndicatorView+AFNetworking.m */ = {isa = PBXFileReference; fileEncoding = 4; lastKnownFileType = sourcecode.c.objc; path = "UIActivityIndicatorView+AFNetworking.m"; sourceTree = "<group>"; };
		3FE80B901967AA5900947774 /* UIAlertView+AFNetworking.h */ = {isa = PBXFileReference; fileEncoding = 4; lastKnownFileType = sourcecode.c.h; path = "UIAlertView+AFNetworking.h"; sourceTree = "<group>"; };
		3FE80B911967AA5900947774 /* UIAlertView+AFNetworking.m */ = {isa = PBXFileReference; fileEncoding = 4; lastKnownFileType = sourcecode.c.objc; path = "UIAlertView+AFNetworking.m"; sourceTree = "<group>"; };
		3FE80B921967AA5900947774 /* UIButton+AFNetworking.h */ = {isa = PBXFileReference; fileEncoding = 4; lastKnownFileType = sourcecode.c.h; path = "UIButton+AFNetworking.h"; sourceTree = "<group>"; };
		3FE80B931967AA5900947774 /* UIButton+AFNetworking.m */ = {isa = PBXFileReference; fileEncoding = 4; lastKnownFileType = sourcecode.c.objc; path = "UIButton+AFNetworking.m"; sourceTree = "<group>"; };
		3FE80B941967AA5900947774 /* UIImageView+AFNetworking.h */ = {isa = PBXFileReference; fileEncoding = 4; lastKnownFileType = sourcecode.c.h; path = "UIImageView+AFNetworking.h"; sourceTree = "<group>"; };
		3FE80B951967AA5900947774 /* UIImageView+AFNetworking.m */ = {isa = PBXFileReference; fileEncoding = 4; lastKnownFileType = sourcecode.c.objc; path = "UIImageView+AFNetworking.m"; sourceTree = "<group>"; };
		3FE80B961967AA5900947774 /* UIKit+AFNetworking.h */ = {isa = PBXFileReference; fileEncoding = 4; lastKnownFileType = sourcecode.c.h; path = "UIKit+AFNetworking.h"; sourceTree = "<group>"; };
		3FE80B971967AA5900947774 /* UIProgressView+AFNetworking.h */ = {isa = PBXFileReference; fileEncoding = 4; lastKnownFileType = sourcecode.c.h; path = "UIProgressView+AFNetworking.h"; sourceTree = "<group>"; };
		3FE80B981967AA5900947774 /* UIProgressView+AFNetworking.m */ = {isa = PBXFileReference; fileEncoding = 4; lastKnownFileType = sourcecode.c.objc; path = "UIProgressView+AFNetworking.m"; sourceTree = "<group>"; };
		3FE80B991967AA5900947774 /* UIRefreshControl+AFNetworking.h */ = {isa = PBXFileReference; fileEncoding = 4; lastKnownFileType = sourcecode.c.h; path = "UIRefreshControl+AFNetworking.h"; sourceTree = "<group>"; };
		3FE80B9A1967AA5900947774 /* UIRefreshControl+AFNetworking.m */ = {isa = PBXFileReference; fileEncoding = 4; lastKnownFileType = sourcecode.c.objc; path = "UIRefreshControl+AFNetworking.m"; sourceTree = "<group>"; };
		3FE80B9B1967AA5900947774 /* UIWebView+AFNetworking.h */ = {isa = PBXFileReference; fileEncoding = 4; lastKnownFileType = sourcecode.c.h; path = "UIWebView+AFNetworking.h"; sourceTree = "<group>"; };
		3FE80B9C1967AA5900947774 /* UIWebView+AFNetworking.m */ = {isa = PBXFileReference; fileEncoding = 4; lastKnownFileType = sourcecode.c.objc; path = "UIWebView+AFNetworking.m"; sourceTree = "<group>"; };
		3FE80BB01967AE2100947774 /* CoinTelegraphDotComModel.h */ = {isa = PBXFileReference; fileEncoding = 4; lastKnownFileType = sourcecode.c.h; name = CoinTelegraphDotComModel.h; path = Models/CoinTelegraphDotComModel.h; sourceTree = "<group>"; };
		3FE80BB11967AE2100947774 /* CoinTelegraphDotComModel.m */ = {isa = PBXFileReference; fileEncoding = 4; lastKnownFileType = sourcecode.c.objc; name = CoinTelegraphDotComModel.m; path = Models/CoinTelegraphDotComModel.m; sourceTree = "<group>"; };
		3FE80BB41967AF6500947774 /* RssFeedVC.h */ = {isa = PBXFileReference; fileEncoding = 4; lastKnownFileType = sourcecode.c.h; name = RssFeedVC.h; path = Controllers/RssFeedVC.h; sourceTree = "<group>"; };
		3FE80BB51967AF6500947774 /* RssFeedVC.m */ = {isa = PBXFileReference; fileEncoding = 4; lastKnownFileType = sourcecode.c.objc; name = RssFeedVC.m; path = Controllers/RssFeedVC.m; sourceTree = "<group>"; };
		3FE80BB71967B09A00947774 /* RssFeedModel.h */ = {isa = PBXFileReference; fileEncoding = 4; lastKnownFileType = sourcecode.c.h; name = RssFeedModel.h; path = Models/RssFeedModel.h; sourceTree = "<group>"; };
		3FE80BB81967B09A00947774 /* RssFeedModel.m */ = {isa = PBXFileReference; fileEncoding = 4; lastKnownFileType = sourcecode.c.objc; name = RssFeedModel.m; path = Models/RssFeedModel.m; sourceTree = "<group>"; };
		3FE80BBC1967B37100947774 /* Base */ = {isa = PBXFileReference; lastKnownFileType = file.storyboard; name = Base; path = Main_iPad.storyboard; sourceTree = "<group>"; };
		3FE80BBE1967B37100947774 /* Base */ = {isa = PBXFileReference; lastKnownFileType = file.storyboard; name = Base; path = Main_iPhone.storyboard; sourceTree = "<group>"; };
/* End PBXFileReference section */

/* Begin PBXFrameworksBuildPhase section */
		3FE80B391967A7BB00947774 /* Frameworks */ = {
			isa = PBXFrameworksBuildPhase;
			buildActionMask = 2147483647;
			files = (
				3FE80B421967A7BB00947774 /* CoreGraphics.framework in Frameworks */,
				3FE80B441967A7BB00947774 /* UIKit.framework in Frameworks */,
				3FE80B401967A7BB00947774 /* Foundation.framework in Frameworks */,
			);
			runOnlyForDeploymentPostprocessing = 0;
		};
		3FE80B5D1967A7BB00947774 /* Frameworks */ = {
			isa = PBXFrameworksBuildPhase;
			buildActionMask = 2147483647;
			files = (
				3FE80B621967A7BB00947774 /* XCTest.framework in Frameworks */,
				3FE80B641967A7BB00947774 /* UIKit.framework in Frameworks */,
				3FE80B631967A7BB00947774 /* Foundation.framework in Frameworks */,
			);
			runOnlyForDeploymentPostprocessing = 0;
		};
/* End PBXFrameworksBuildPhase section */

/* Begin PBXGroup section */
		3FE80B331967A7BB00947774 = {
			isa = PBXGroup;
			children = (
				3FE80B771967AA5800947774 /* AFNetworking */,
				3FE80B451967A7BB00947774 /* CoinTelegraph */,
				3FE80B671967A7BB00947774 /* CoinTelegraphTests */,
				3FE80B3E1967A7BB00947774 /* Frameworks */,
				3FE80B3D1967A7BB00947774 /* Products */,
				3FE80B8B1967AA5900947774 /* UIKit+AFNetworking */,
			);
			sourceTree = "<group>";
		};
		3FE80B3D1967A7BB00947774 /* Products */ = {
			isa = PBXGroup;
			children = (
				3FE80B3C1967A7BB00947774 /* CoinTelegraph.app */,
				3FE80B601967A7BB00947774 /* CoinTelegraphTests.xctest */,
			);
			name = Products;
			sourceTree = "<group>";
		};
		3FE80B3E1967A7BB00947774 /* Frameworks */ = {
			isa = PBXGroup;
			children = (
				3FE80B3F1967A7BB00947774 /* Foundation.framework */,
				3FE80B411967A7BB00947774 /* CoreGraphics.framework */,
				3FE80B431967A7BB00947774 /* UIKit.framework */,
				3FE80B611967A7BB00947774 /* XCTest.framework */,
			);
			name = Frameworks;
			sourceTree = "<group>";
		};
		3FE80B451967A7BB00947774 /* CoinTelegraph */ = {
			isa = PBXGroup;
			children = (
				3FE80B4E1967A7BB00947774 /* AppDelegate.h */,
				3FE80B4F1967A7BB00947774 /* AppDelegate.m */,
				3FE80BB31967AF2200947774 /* Controllers */,
				3FE80BAE1967AB0100947774 /* Models */,
				3FE80B5A1967A7BB00947774 /* Images.xcassets */,
				3FE80BBA1967B37100947774 /* Storyboards */,
				3FE80B461967A7BB00947774 /* Supporting Files */,
			);
			path = CoinTelegraph;
			sourceTree = "<group>";
		};
		3FE80B461967A7BB00947774 /* Supporting Files */ = {
			isa = PBXGroup;
			children = (
				3FE80B471967A7BB00947774 /* CoinTelegraph-Info.plist */,
				3FE80B481967A7BB00947774 /* InfoPlist.strings */,
				3FE80B4B1967A7BB00947774 /* main.m */,
				3FE80B4D1967A7BB00947774 /* CoinTelegraph-Prefix.pch */,
			);
			name = "Supporting Files";
			sourceTree = "<group>";
		};
		3FE80B671967A7BB00947774 /* CoinTelegraphTests */ = {
			isa = PBXGroup;
			children = (
				3FE80B6D1967A7BB00947774 /* CoinTelegraphTests.m */,
				3FE80B681967A7BB00947774 /* Supporting Files */,
			);
			path = CoinTelegraphTests;
			sourceTree = "<group>";
		};
		3FE80B681967A7BB00947774 /* Supporting Files */ = {
			isa = PBXGroup;
			children = (
				3FE80B691967A7BB00947774 /* CoinTelegraphTests-Info.plist */,
				3FE80B6A1967A7BB00947774 /* InfoPlist.strings */,
			);
			name = "Supporting Files";
			sourceTree = "<group>";
		};
		3FE80B771967AA5800947774 /* AFNetworking */ = {
			isa = PBXGroup;
			children = (
				3FE80B781967AA5900947774 /* AFHTTPRequestOperation.h */,
				3FE80B791967AA5900947774 /* AFHTTPRequestOperation.m */,
				3FE80B7A1967AA5900947774 /* AFHTTPRequestOperationManager.h */,
				3FE80B7B1967AA5900947774 /* AFHTTPRequestOperationManager.m */,
				3FE80B7C1967AA5900947774 /* AFHTTPSessionManager.h */,
				3FE80B7D1967AA5900947774 /* AFHTTPSessionManager.m */,
				3FE80B7E1967AA5900947774 /* AFNetworking.h */,
				3FE80B7F1967AA5900947774 /* AFNetworkReachabilityManager.h */,
				3FE80B801967AA5900947774 /* AFNetworkReachabilityManager.m */,
				3FE80B811967AA5900947774 /* AFSecurityPolicy.h */,
				3FE80B821967AA5900947774 /* AFSecurityPolicy.m */,
				3FE80B831967AA5900947774 /* AFURLConnectionOperation.h */,
				3FE80B841967AA5900947774 /* AFURLConnectionOperation.m */,
				3FE80B851967AA5900947774 /* AFURLRequestSerialization.h */,
				3FE80B861967AA5900947774 /* AFURLRequestSerialization.m */,
				3FE80B871967AA5900947774 /* AFURLResponseSerialization.h */,
				3FE80B881967AA5900947774 /* AFURLResponseSerialization.m */,
				3FE80B891967AA5900947774 /* AFURLSessionManager.h */,
				3FE80B8A1967AA5900947774 /* AFURLSessionManager.m */,
			);
			name = AFNetworking;
			path = ../Vendors/AFNetworking/AFNetworking;
			sourceTree = "<group>";
		};
		3FE80B8B1967AA5900947774 /* UIKit+AFNetworking */ = {
			isa = PBXGroup;
			children = (
				3FE80B8C1967AA5900947774 /* AFNetworkActivityIndicatorManager.h */,
				3FE80B8D1967AA5900947774 /* AFNetworkActivityIndicatorManager.m */,
				3FE80B8E1967AA5900947774 /* UIActivityIndicatorView+AFNetworking.h */,
				3FE80B8F1967AA5900947774 /* UIActivityIndicatorView+AFNetworking.m */,
				3FE80B901967AA5900947774 /* UIAlertView+AFNetworking.h */,
				3FE80B911967AA5900947774 /* UIAlertView+AFNetworking.m */,
				3FE80B921967AA5900947774 /* UIButton+AFNetworking.h */,
				3FE80B931967AA5900947774 /* UIButton+AFNetworking.m */,
				3FE80B941967AA5900947774 /* UIImageView+AFNetworking.h */,
				3FE80B951967AA5900947774 /* UIImageView+AFNetworking.m */,
				3FE80B961967AA5900947774 /* UIKit+AFNetworking.h */,
				3FE80B971967AA5900947774 /* UIProgressView+AFNetworking.h */,
				3FE80B981967AA5900947774 /* UIProgressView+AFNetworking.m */,
				3FE80B991967AA5900947774 /* UIRefreshControl+AFNetworking.h */,
				3FE80B9A1967AA5900947774 /* UIRefreshControl+AFNetworking.m */,
				3FE80B9B1967AA5900947774 /* UIWebView+AFNetworking.h */,
				3FE80B9C1967AA5900947774 /* UIWebView+AFNetworking.m */,
			);
			name = "UIKit+AFNetworking";
			path = "../Vendors/AFNetworking/UIKit+AFNetworking";
			sourceTree = "<group>";
		};
		3FE80BAE1967AB0100947774 /* Models */ = {
			isa = PBXGroup;
			children = (
				3FE80BB71967B09A00947774 /* RssFeedModel.h */,
				3FE80BB81967B09A00947774 /* RssFeedModel.m */,
				3FE80BB01967AE2100947774 /* CoinTelegraphDotComModel.h */,
				3FE80BB11967AE2100947774 /* CoinTelegraphDotComModel.m */,
			);
			name = Models;
			sourceTree = "<group>";
		};
		3FE80BB31967AF2200947774 /* Controllers */ = {
			isa = PBXGroup;
			children = (
				3FE80BB41967AF6500947774 /* RssFeedVC.h */,
				3FE80BB51967AF6500947774 /* RssFeedVC.m */,
			);
			name = Controllers;
			sourceTree = "<group>";
		};
		3FE80BBA1967B37100947774 /* Storyboards */ = {
			isa = PBXGroup;
			children = (
				3FE80BBB1967B37100947774 /* Main_iPad.storyboard */,
				3FE80BBD1967B37100947774 /* Main_iPhone.storyboard */,
			);
			name = Storyboards;
			path = Base.lproj;
			sourceTree = "<group>";
		};
/* End PBXGroup section */

/* Begin PBXNativeTarget section */
		3FE80B3B1967A7BB00947774 /* CoinTelegraph */ = {
			isa = PBXNativeTarget;
			buildConfigurationList = 3FE80B711967A7BB00947774 /* Build configuration list for PBXNativeTarget "CoinTelegraph" */;
			buildPhases = (
				3FE80B381967A7BB00947774 /* Sources */,
				3FE80B391967A7BB00947774 /* Frameworks */,
				3FE80B3A1967A7BB00947774 /* Resources */,
			);
			buildRules = (
			);
			dependencies = (
			);
			name = CoinTelegraph;
			productName = CoinTelegraph;
			productReference = 3FE80B3C1967A7BB00947774 /* CoinTelegraph.app */;
			productType = "com.apple.product-type.application";
		};
		3FE80B5F1967A7BB00947774 /* CoinTelegraphTests */ = {
			isa = PBXNativeTarget;
			buildConfigurationList = 3FE80B741967A7BB00947774 /* Build configuration list for PBXNativeTarget "CoinTelegraphTests" */;
			buildPhases = (
				3FE80B5C1967A7BB00947774 /* Sources */,
				3FE80B5D1967A7BB00947774 /* Frameworks */,
				3FE80B5E1967A7BB00947774 /* Resources */,
			);
			buildRules = (
			);
			dependencies = (
				3FE80B661967A7BB00947774 /* PBXTargetDependency */,
			);
			name = CoinTelegraphTests;
			productName = CoinTelegraphTests;
			productReference = 3FE80B601967A7BB00947774 /* CoinTelegraphTests.xctest */;
			productType = "com.apple.product-type.bundle.unit-test";
		};
/* End PBXNativeTarget section */

/* Begin PBXProject section */
		3FE80B341967A7BB00947774 /* Project object */ = {
			isa = PBXProject;
			attributes = {
				LastUpgradeCheck = 0510;
				ORGANIZATIONNAME = "GigaBitcoin, LLC";
				TargetAttributes = {
					3FE80B5F1967A7BB00947774 = {
						TestTargetID = 3FE80B3B1967A7BB00947774;
					};
				};
			};
			buildConfigurationList = 3FE80B371967A7BB00947774 /* Build configuration list for PBXProject "CoinTelegraph" */;
			compatibilityVersion = "Xcode 3.2";
			developmentRegion = English;
			hasScannedForEncodings = 0;
			knownRegions = (
				en,
				Base,
			);
			mainGroup = 3FE80B331967A7BB00947774;
			productRefGroup = 3FE80B3D1967A7BB00947774 /* Products */;
			projectDirPath = "";
			projectRoot = "";
			targets = (
				3FE80B3B1967A7BB00947774 /* CoinTelegraph */,
				3FE80B5F1967A7BB00947774 /* CoinTelegraphTests */,
			);
		};
/* End PBXProject section */

/* Begin PBXResourcesBuildPhase section */
		3FE80B3A1967A7BB00947774 /* Resources */ = {
			isa = PBXResourcesBuildPhase;
			buildActionMask = 2147483647;
			files = (
				3FE80BC01967B37100947774 /* Main_iPhone.storyboard in Resources */,
				3FE80BBF1967B37100947774 /* Main_iPad.storyboard in Resources */,
				3FE80B5B1967A7BB00947774 /* Images.xcassets in Resources */,
				3FE80B4A1967A7BB00947774 /* InfoPlist.strings in Resources */,
			);
			runOnlyForDeploymentPostprocessing = 0;
		};
		3FE80B5E1967A7BB00947774 /* Resources */ = {
			isa = PBXResourcesBuildPhase;
			buildActionMask = 2147483647;
			files = (
				3FE80B6C1967A7BB00947774 /* InfoPlist.strings in Resources */,
			);
			runOnlyForDeploymentPostprocessing = 0;
		};
/* End PBXResourcesBuildPhase section */

/* Begin PBXSourcesBuildPhase section */
		3FE80B381967A7BB00947774 /* Sources */ = {
			isa = PBXSourcesBuildPhase;
			buildActionMask = 2147483647;
			files = (
				3FE80B9D1967AA5900947774 /* AFHTTPRequestOperation.m in Sources */,
				3FE80BAA1967AA5900947774 /* UIImageView+AFNetworking.m in Sources */,
				3FE80BB91967B09A00947774 /* RssFeedModel.m in Sources */,
				3FE80B9E1967AA5900947774 /* AFHTTPRequestOperationManager.m in Sources */,
				3FE80BAB1967AA5900947774 /* UIProgressView+AFNetworking.m in Sources */,
				3FE80BA01967AA5900947774 /* AFNetworkReachabilityManager.m in Sources */,
				3FE80BA41967AA5900947774 /* AFURLResponseSerialization.m in Sources */,
				3FE80BA21967AA5900947774 /* AFURLConnectionOperation.m in Sources */,
				3FE80BA91967AA5900947774 /* UIButton+AFNetworking.m in Sources */,
				3FE80BA71967AA5900947774 /* UIActivityIndicatorView+AFNetworking.m in Sources */,
				3FE80BA11967AA5900947774 /* AFSecurityPolicy.m in Sources */,
				3FE80BB21967AE2100947774 /* CoinTelegraphDotComModel.m in Sources */,
				3FE80BAC1967AA5900947774 /* UIRefreshControl+AFNetworking.m in Sources */,
				3FE80BAD1967AA5900947774 /* UIWebView+AFNetworking.m in Sources */,
				3FE80B9F1967AA5900947774 /* AFHTTPSessionManager.m in Sources */,
				3FE80BA81967AA5900947774 /* UIAlertView+AFNetworking.m in Sources */,
				3FE80BA31967AA5900947774 /* AFURLRequestSerialization.m in Sources */,
				3FE80BA61967AA5900947774 /* AFNetworkActivityIndicatorManager.m in Sources */,
				3FE80BA51967AA5900947774 /* AFURLSessionManager.m in Sources */,
				3FE80BB61967AF6500947774 /* RssFeedVC.m in Sources */,
				3FE80B501967A7BB00947774 /* AppDelegate.m in Sources */,
				3FE80B4C1967A7BB00947774 /* main.m in Sources */,
			);
			runOnlyForDeploymentPostprocessing = 0;
		};
		3FE80B5C1967A7BB00947774 /* Sources */ = {
			isa = PBXSourcesBuildPhase;
			buildActionMask = 2147483647;
			files = (
				3FE80B6E1967A7BB00947774 /* CoinTelegraphTests.m in Sources */,
			);
			runOnlyForDeploymentPostprocessing = 0;
		};
/* End PBXSourcesBuildPhase section */

/* Begin PBXTargetDependency section */
		3FE80B661967A7BB00947774 /* PBXTargetDependency */ = {
			isa = PBXTargetDependency;
			target = 3FE80B3B1967A7BB00947774 /* CoinTelegraph */;
			targetProxy = 3FE80B651967A7BB00947774 /* PBXContainerItemProxy */;
		};
/* End PBXTargetDependency section */

/* Begin PBXVariantGroup section */
		3FE80B481967A7BB00947774 /* InfoPlist.strings */ = {
			isa = PBXVariantGroup;
			children = (
				3FE80B491967A7BB00947774 /* en */,
			);
			name = InfoPlist.strings;
			sourceTree = "<group>";
		};
		3FE80B6A1967A7BB00947774 /* InfoPlist.strings */ = {
			isa = PBXVariantGroup;
			children = (
				3FE80B6B1967A7BB00947774 /* en */,
			);
			name = InfoPlist.strings;
			sourceTree = "<group>";
		};
		3FE80BBB1967B37100947774 /* Main_iPad.storyboard */ = {
			isa = PBXVariantGroup;
			children = (
				3FE80BBC1967B37100947774 /* Base */,
			);
			name = Main_iPad.storyboard;
			sourceTree = "<group>";
		};
		3FE80BBD1967B37100947774 /* Main_iPhone.storyboard */ = {
			isa = PBXVariantGroup;
			children = (
				3FE80BBE1967B37100947774 /* Base */,
			);
			name = Main_iPhone.storyboard;
			sourceTree = "<group>";
		};
/* End PBXVariantGroup section */

/* Begin XCBuildConfiguration section */
		3FE80B6F1967A7BB00947774 /* Debug */ = {
			isa = XCBuildConfiguration;
			buildSettings = {
				ALWAYS_SEARCH_USER_PATHS = NO;
				CLANG_CXX_LANGUAGE_STANDARD = "gnu++0x";
				CLANG_CXX_LIBRARY = "libc++";
				CLANG_ENABLE_MODULES = YES;
				CLANG_ENABLE_OBJC_ARC = YES;
				CLANG_WARN_BOOL_CONVERSION = YES;
				CLANG_WARN_CONSTANT_CONVERSION = YES;
				CLANG_WARN_DIRECT_OBJC_ISA_USAGE = YES_ERROR;
				CLANG_WARN_EMPTY_BODY = YES;
				CLANG_WARN_ENUM_CONVERSION = YES;
				CLANG_WARN_INT_CONVERSION = YES;
				CLANG_WARN_OBJC_ROOT_CLASS = YES_ERROR;
				CLANG_WARN__DUPLICATE_METHOD_MATCH = YES;
				"CODE_SIGN_IDENTITY[sdk=iphoneos*]" = "iPhone Developer";
				COPY_PHASE_STRIP = NO;
				GCC_C_LANGUAGE_STANDARD = gnu99;
				GCC_DYNAMIC_NO_PIC = NO;
				GCC_OPTIMIZATION_LEVEL = 0;
				GCC_PREPROCESSOR_DEFINITIONS = (
					"DEBUG=1",
					"$(inherited)",
				);
				GCC_SYMBOLS_PRIVATE_EXTERN = NO;
				GCC_WARN_64_TO_32_BIT_CONVERSION = YES;
				GCC_WARN_ABOUT_RETURN_TYPE = YES_ERROR;
				GCC_WARN_UNDECLARED_SELECTOR = YES;
				GCC_WARN_UNINITIALIZED_AUTOS = YES_AGGRESSIVE;
				GCC_WARN_UNUSED_FUNCTION = YES;
				GCC_WARN_UNUSED_VARIABLE = YES;
				IPHONEOS_DEPLOYMENT_TARGET = 7.1;
				ONLY_ACTIVE_ARCH = YES;
				SDKROOT = iphoneos;
				TARGETED_DEVICE_FAMILY = "1,2";
			};
			name = Debug;
		};
		3FE80B701967A7BB00947774 /* Release */ = {
			isa = XCBuildConfiguration;
			buildSettings = {
				ALWAYS_SEARCH_USER_PATHS = NO;
				CLANG_CXX_LANGUAGE_STANDARD = "gnu++0x";
				CLANG_CXX_LIBRARY = "libc++";
				CLANG_ENABLE_MODULES = YES;
				CLANG_ENABLE_OBJC_ARC = YES;
				CLANG_WARN_BOOL_CONVERSION = YES;
				CLANG_WARN_CONSTANT_CONVERSION = YES;
				CLANG_WARN_DIRECT_OBJC_ISA_USAGE = YES_ERROR;
				CLANG_WARN_EMPTY_BODY = YES;
				CLANG_WARN_ENUM_CONVERSION = YES;
				CLANG_WARN_INT_CONVERSION = YES;
				CLANG_WARN_OBJC_ROOT_CLASS = YES_ERROR;
				CLANG_WARN__DUPLICATE_METHOD_MATCH = YES;
				"CODE_SIGN_IDENTITY[sdk=iphoneos*]" = "iPhone Developer";
				COPY_PHASE_STRIP = YES;
				ENABLE_NS_ASSERTIONS = NO;
				GCC_C_LANGUAGE_STANDARD = gnu99;
				GCC_WARN_64_TO_32_BIT_CONVERSION = YES;
				GCC_WARN_ABOUT_RETURN_TYPE = YES_ERROR;
				GCC_WARN_UNDECLARED_SELECTOR = YES;
				GCC_WARN_UNINITIALIZED_AUTOS = YES_AGGRESSIVE;
				GCC_WARN_UNUSED_FUNCTION = YES;
				GCC_WARN_UNUSED_VARIABLE = YES;
				IPHONEOS_DEPLOYMENT_TARGET = 7.1;
				SDKROOT = iphoneos;
				TARGETED_DEVICE_FAMILY = "1,2";
				VALIDATE_PRODUCT = YES;
			};
			name = Release;
		};
		3FE80B721967A7BB00947774 /* Debug */ = {
			isa = XCBuildConfiguration;
			buildSettings = {
				ASSETCATALOG_COMPILER_APPICON_NAME = AppIcon;
				ASSETCATALOG_COMPILER_LAUNCHIMAGE_NAME = LaunchImage;
				GCC_PRECOMPILE_PREFIX_HEADER = YES;
				GCC_PREFIX_HEADER = "CoinTelegraph/CoinTelegraph-Prefix.pch";
				INFOPLIST_FILE = "CoinTelegraph/CoinTelegraph-Info.plist";
				PRODUCT_NAME = "$(TARGET_NAME)";
				WRAPPER_EXTENSION = app;
			};
			name = Debug;
		};
		3FE80B731967A7BB00947774 /* Release */ = {
			isa = XCBuildConfiguration;
			buildSettings = {
				ASSETCATALOG_COMPILER_APPICON_NAME = AppIcon;
				ASSETCATALOG_COMPILER_LAUNCHIMAGE_NAME = LaunchImage;
				GCC_PRECOMPILE_PREFIX_HEADER = YES;
				GCC_PREFIX_HEADER = "CoinTelegraph/CoinTelegraph-Prefix.pch";
				INFOPLIST_FILE = "CoinTelegraph/CoinTelegraph-Info.plist";
				PRODUCT_NAME = "$(TARGET_NAME)";
				WRAPPER_EXTENSION = app;
			};
			name = Release;
		};
		3FE80B751967A7BB00947774 /* Debug */ = {
			isa = XCBuildConfiguration;
			buildSettings = {
				BUNDLE_LOADER = "$(BUILT_PRODUCTS_DIR)/CoinTelegraph.app/CoinTelegraph";
				FRAMEWORK_SEARCH_PATHS = (
					"$(SDKROOT)/Developer/Library/Frameworks",
					"$(inherited)",
					"$(DEVELOPER_FRAMEWORKS_DIR)",
				);
				GCC_PRECOMPILE_PREFIX_HEADER = YES;
				GCC_PREFIX_HEADER = "CoinTelegraph/CoinTelegraph-Prefix.pch";
				GCC_PREPROCESSOR_DEFINITIONS = (
					"DEBUG=1",
					"$(inherited)",
				);
				INFOPLIST_FILE = "CoinTelegraphTests/CoinTelegraphTests-Info.plist";
				PRODUCT_NAME = "$(TARGET_NAME)";
				TEST_HOST = "$(BUNDLE_LOADER)";
				WRAPPER_EXTENSION = xctest;
			};
			name = Debug;
		};
		3FE80B761967A7BB00947774 /* Release */ = {
			isa = XCBuildConfiguration;
			buildSettings = {
				BUNDLE_LOADER = "$(BUILT_PRODUCTS_DIR)/CoinTelegraph.app/CoinTelegraph";
				FRAMEWORK_SEARCH_PATHS = (
					"$(SDKROOT)/Developer/Library/Frameworks",
					"$(inherited)",
					"$(DEVELOPER_FRAMEWORKS_DIR)",
				);
				GCC_PRECOMPILE_PREFIX_HEADER = YES;
				GCC_PREFIX_HEADER = "CoinTelegraph/CoinTelegraph-Prefix.pch";
				INFOPLIST_FILE = "CoinTelegraphTests/CoinTelegraphTests-Info.plist";
				PRODUCT_NAME = "$(TARGET_NAME)";
				TEST_HOST = "$(BUNDLE_LOADER)";
				WRAPPER_EXTENSION = xctest;
			};
			name = Release;
		};
/* End XCBuildConfiguration section */

/* Begin XCConfigurationList section */
		3FE80B371967A7BB00947774 /* Build configuration list for PBXProject "CoinTelegraph" */ = {
			isa = XCConfigurationList;
			buildConfigurations = (
				3FE80B6F1967A7BB00947774 /* Debug */,
				3FE80B701967A7BB00947774 /* Release */,
			);
			defaultConfigurationIsVisible = 0;
			defaultConfigurationName = Release;
		};
		3FE80B711967A7BB00947774 /* Build configuration list for PBXNativeTarget "CoinTelegraph" */ = {
			isa = XCConfigurationList;
			buildConfigurations = (
				3FE80B721967A7BB00947774 /* Debug */,
				3FE80B731967A7BB00947774 /* Release */,
			);
			defaultConfigurationIsVisible = 0;
			defaultConfigurationName = Release;
		};
		3FE80B741967A7BB00947774 /* Build configuration list for PBXNativeTarget "CoinTelegraphTests" */ = {
			isa = XCConfigurationList;
			buildConfigurations = (
				3FE80B751967A7BB00947774 /* Debug */,
				3FE80B761967A7BB00947774 /* Release */,
			);
			defaultConfigurationIsVisible = 0;
			defaultConfigurationName = Release;
		};
/* End XCConfigurationList section */
	};
	rootObject = 3FE80B341967A7BB00947774 /* Project object */;
}
